
Microsoft Visual Studio Solution File, Format Version 12.00
# Visual Studio Version 16
VisualStudioVersion = 16.0.30503.244
MinimumVisualStudioVersion = 10.0.40219.1
Project("{FAE04EC0-301F-11D3-BF4B-00C04F79EFBC}") = "GameLibrary.Web", "GameLibrary.Web.csproj", "{CC621A95-24E1-4318-B893-724D53AA64B3}"
EndProject
Project("{FAE04EC0-301F-11D3-BF4B-00C04F79EFBC}") = "GameLibrary.Client", "..\GameLibrary.Client\GameLibrary.Client.csproj", "{C30189C6-FFEC-499E-BB3A-5EB60F9601EB}"
EndProject
Project("{FAE04EC0-301F-11D3-BF4B-00C04F79EFBC}") = "GameLibrary.Entities", "..\GameLibrary.Entities\GameLibrary.Entities.csproj", "{B7FD2AB3-FEF4-4175-B43A-137D9CE42D5E}"
EndProject
Global
	GlobalSection(SolutionConfigurationPlatforms) = preSolution
		Debug|Any CPU = Debug|Any CPU
		Release|Any CPU = Release|Any CPU
	EndGlobalSection
	GlobalSection(ProjectConfigurationPlatforms) = postSolution
		{CC621A95-24E1-4318-B893-724D53AA64B3}.Debug|Any CPU.ActiveCfg = Debug|Any CPU
		{CC621A95-24E1-4318-B893-724D53AA64B3}.Debug|Any CPU.Build.0 = Debug|Any CPU
		{CC621A95-24E1-4318-B893-724D53AA64B3}.Release|Any CPU.ActiveCfg = Release|Any CPU
		{CC621A95-24E1-4318-B893-724D53AA64B3}.Release|Any CPU.Build.0 = Release|Any CPU
		{C30189C6-FFEC-499E-BB3A-5EB60F9601EB}.Debug|Any CPU.ActiveCfg = Debug|Any CPU
		{C30189C6-FFEC-499E-BB3A-5EB60F9601EB}.Debug|Any CPU.Build.0 = Debug|Any CPU
		{C30189C6-FFEC-499E-BB3A-5EB60F9601EB}.Release|Any CPU.ActiveCfg = Release|Any CPU
		{C30189C6-FFEC-499E-BB3A-5EB60F9601EB}.Release|Any CPU.Build.0 = Release|Any CPU
		{B7FD2AB3-FEF4-4175-B43A-137D9CE42D5E}.Debug|Any CPU.ActiveCfg = Debug|Any CPU
		{B7FD2AB3-FEF4-4175-B43A-137D9CE42D5E}.Debug|Any CPU.Build.0 = Debug|Any CPU
		{B7FD2AB3-FEF4-4175-B43A-137D9CE42D5E}.Release|Any CPU.ActiveCfg = Release|Any CPU
		{B7FD2AB3-FEF4-4175-B43A-137D9CE42D5E}.Release|Any CPU.Build.0 = Release|Any CPU
	EndGlobalSection
	GlobalSection(SolutionProperties) = preSolution
		HideSolutionNode = FALSE
	EndGlobalSection
	GlobalSection(ExtensibilityGlobals) = postSolution
		SolutionGuid = {63173254-6A5A-4566-A357-CB48744ABAD7}
	EndGlobalSection
EndGlobal
